
Microsoft Visual Studio Solution File, Format Version 12.00
# Visual Studio Version 17
VisualStudioVersion = 17.0.31903.59
MinimumVisualStudioVersion = 10.0.40219.1
Project("{FAE04EC0-301F-11D3-BF4B-00C04F79EFBC}") = "TodoList.Models", "TodoList.Models\TodoList.Models.csproj", "{541F0C37-0E7B-4337-B369-5795C44F01CF}"
EndProject
Project("{FAE04EC0-301F-11D3-BF4B-00C04F79EFBC}") = "TodoList.API", "TodoList.API\TodoList.API.csproj", "{8A33908B-9D03-403D-87DF-61E0774094E8}"
EndProject
Project("{FAE04EC0-301F-11D3-BF4B-00C04F79EFBC}") = "TodoList.Tests", "TodoList.Tests\TodoList.Tests.csproj", "{47C5C633-B6EC-46E9-A8A5-9A55146661F6}"
EndProject
Global
	GlobalSection(SolutionConfigurationPlatforms) = preSolution
		Debug|Any CPU = Debug|Any CPU
		Release|Any CPU = Release|Any CPU
	EndGlobalSection
	GlobalSection(SolutionProperties) = preSolution
		HideSolutionNode = FALSE
	EndGlobalSection
	GlobalSection(ProjectConfigurationPlatforms) = postSolution
		{541F0C37-0E7B-4337-B369-5795C44F01CF}.Debug|Any CPU.ActiveCfg = Debug|Any CPU
		{541F0C37-0E7B-4337-B369-5795C44F01CF}.Debug|Any CPU.Build.0 = Debug|Any CPU
		{541F0C37-0E7B-4337-B369-5795C44F01CF}.Release|Any CPU.ActiveCfg = Release|Any CPU
		{541F0C37-0E7B-4337-B369-5795C44F01CF}.Release|Any CPU.Build.0 = Release|Any CPU
		{8A33908B-9D03-403D-87DF-61E0774094E8}.Debug|Any CPU.ActiveCfg = Debug|Any CPU
		{8A33908B-9D03-403D-87DF-61E0774094E8}.Debug|Any CPU.Build.0 = Debug|Any CPU
		{8A33908B-9D03-403D-87DF-61E0774094E8}.Release|Any CPU.ActiveCfg = Release|Any CPU
		{8A33908B-9D03-403D-87DF-61E0774094E8}.Release|Any CPU.Build.0 = Release|Any CPU
		{47C5C633-B6EC-46E9-A8A5-9A55146661F6}.Debug|Any CPU.ActiveCfg = Debug|Any CPU
		{47C5C633-B6EC-46E9-A8A5-9A55146661F6}.Debug|Any CPU.Build.0 = Debug|Any CPU
		{47C5C633-B6EC-46E9-A8A5-9A55146661F6}.Release|Any CPU.ActiveCfg = Release|Any CPU
		{47C5C633-B6EC-46E9-A8A5-9A55146661F6}.Release|Any CPU.Build.0 = Release|Any CPU
	EndGlobalSection
EndGlobal
